
Microsoft Visual Studio Solution File, Format Version 12.00
# Visual Studio Version 16
VisualStudioVersion = 25.0.1704.5
MinimumVisualStudioVersion = 10.0.40219.1
Project("{FAE04EC0-301F-11D3-BF4B-00C04F79EFBC}") = "AirplaneApp", "AirplaneApp\AirplaneApp.csproj", "{4E3FF17E-C058-4E38-BB38-9EB176267B62}"
EndProject
Global
	GlobalSection(SolutionConfigurationPlatforms) = preSolution
		Debug|Any CPU = Debug|Any CPU
		Release|Any CPU = Release|Any CPU
	EndGlobalSection
	GlobalSection(ProjectConfigurationPlatforms) = postSolution
		{4E3FF17E-C058-4E38-BB38-9EB176267B62}.Debug|Any CPU.ActiveCfg = Debug|Any CPU
		{4E3FF17E-C058-4E38-BB38-9EB176267B62}.Debug|Any CPU.Build.0 = Debug|Any CPU
		{4E3FF17E-C058-4E38-BB38-9EB176267B62}.Release|Any CPU.ActiveCfg = Release|Any CPU
		{4E3FF17E-C058-4E38-BB38-9EB176267B62}.Release|Any CPU.Build.0 = Release|Any CPU
	EndGlobalSection
	GlobalSection(SolutionProperties) = preSolution
		HideSolutionNode = FALSE
	EndGlobalSection
	GlobalSection(ExtensibilityGlobals) = postSolution
		SolutionGuid = {F73CBA52-5C60-4EE1-8E25-7EA45C8791B3}
	EndGlobalSection
EndGlobal
